{
  "name": "cmp-app-template",
  "version": "unspecified",
  "lockfileVersion": 3,
  "requires": true,
  "packages": {
    "": {
      "name": "cmp-app-template",
      "version": "unspecified",
      "workspaces": [
        "packages/cmp-app-template-common",
        "packages/cmp-app-template-common-test",
        "packages/cmp-app-template-di",
        "packages/cmp-app-template-di-test",
        "packages/cmp-app-template-nav",
        "packages/cmp-app-template-nav-test",
        "packages/cmp-app-template-test-utils",
        "packages/cmp-app-template-test-utils-test",
        "packages/cmp-app-template-apps-shared",
        "packages/cmp-app-template-apps-shared-test",
        "packages/template-wasm",
        "packages/template-wasm-test",
        "packages/cmp-app-template-domain-validators",
        "packages/cmp-app-template-domain-validators-test",
        "packages/cmp-app-template-screens-dev-settings",
        "packages/cmp-app-template-screens-dev-settings-test",
        "packages/cmp-app-template-screens-root",
        "packages/cmp-app-template-screens-root-test",
        "packages/cmp-app-template-screens-welcome",
        "packages/cmp-app-template-screens-welcome-test",
        "packages/cmp-app-template-ui-compose",
        "packages/cmp-app-template-ui-compose-test",
        "packages/cmp-app-template-ui-icons",
        "packages/cmp-app-template-ui-icons-test",
        "packages/cmp-app-template-ui-material",
        "packages/cmp-app-template-ui-material-test",
        "packages/cmp-app-template-services-device-sensors-impl",
        "packages/cmp-app-template-services-device-sensors-impl-test",
        "packages/cmp-app-template-services-device-sensors-public",
        "packages/cmp-app-template-services-device-sensors-public-test",
        "packages/cmp-app-template-services-splash-screen-impl",
        "packages/cmp-app-template-services-splash-screen-impl-test",
        "packages/cmp-app-template-services-splash-screen-public",
        "packages/cmp-app-template-services-splash-screen-public-test",
        "packages_imported/skiko-wasm-js/0.9.37-3",
        "packages_imported/skiko-js-wasm-runtime/0.9.37-3",
        "packages_imported/Kotlin-DateTime-library-kotlinx-datetime-wasm-js/0.7.1"
      ],
      "devDependencies": {}
    },
    "node_modules/@js-joda/core": {
      "version": "3.2.0",
      "resolved": "https://registry.npmjs.org/@js-joda/core/-/core-3.2.0.tgz",
      "integrity": "sha512-PMqgJ0sw5B7FKb2d5bWYIoxjri+QlW/Pys7+Rw82jSH0QN3rB05jZ/VrrsUdh1w4+i2kw9JOejXGq/KhDOX7Kg==",
      "license": "BSD-3-Clause"
    },
    "node_modules/cmp-app-template-apps-shared": {
      "resolved": "packages/cmp-app-template-apps-shared",
      "link": true
    },
    "node_modules/cmp-app-template-apps-shared-test": {
      "resolved": "packages/cmp-app-template-apps-shared-test",
      "link": true
    },
    "node_modules/cmp-app-template-common": {
      "resolved": "packages/cmp-app-template-common",
      "link": true
    },
    "node_modules/cmp-app-template-common-test": {
      "resolved": "packages/cmp-app-template-common-test",
      "link": true
    },
    "node_modules/cmp-app-template-di": {
      "resolved": "packages/cmp-app-template-di",
      "link": true
    },
    "node_modules/cmp-app-template-di-test": {
      "resolved": "packages/cmp-app-template-di-test",
      "link": true
    },
    "node_modules/cmp-app-template-domain-validators": {
      "resolved": "packages/cmp-app-template-domain-validators",
      "link": true
    },
    "node_modules/cmp-app-template-domain-validators-test": {
      "resolved": "packages/cmp-app-template-domain-validators-test",
      "link": true
    },
    "node_modules/cmp-app-template-nav": {
      "resolved": "packages/cmp-app-template-nav",
      "link": true
    },
    "node_modules/cmp-app-template-nav-test": {
      "resolved": "packages/cmp-app-template-nav-test",
      "link": true
    },
    "node_modules/cmp-app-template-screens-dev-settings": {
      "resolved": "packages/cmp-app-template-screens-dev-settings",
      "link": true
    },
    "node_modules/cmp-app-template-screens-dev-settings-test": {
      "resolved": "packages/cmp-app-template-screens-dev-settings-test",
      "link": true
    },
    "node_modules/cmp-app-template-screens-root": {
      "resolved": "packages/cmp-app-template-screens-root",
      "link": true
    },
    "node_modules/cmp-app-template-screens-root-test": {
      "resolved": "packages/cmp-app-template-screens-root-test",
      "link": true
    },
    "node_modules/cmp-app-template-screens-welcome": {
      "resolved": "packages/cmp-app-template-screens-welcome",
      "link": true
    },
    "node_modules/cmp-app-template-screens-welcome-test": {
      "resolved": "packages/cmp-app-template-screens-welcome-test",
      "link": true
    },
    "node_modules/cmp-app-template-services-device-sensors-impl": {
      "resolved": "packages/cmp-app-template-services-device-sensors-impl",
      "link": true
    },
    "node_modules/cmp-app-template-services-device-sensors-impl-test": {
      "resolved": "packages/cmp-app-template-services-device-sensors-impl-test",
      "link": true
    },
    "node_modules/cmp-app-template-services-device-sensors-public": {
      "resolved": "packages/cmp-app-template-services-device-sensors-public",
      "link": true
    },
    "node_modules/cmp-app-template-services-device-sensors-public-test": {
      "resolved": "packages/cmp-app-template-services-device-sensors-public-test",
      "link": true
    },
    "node_modules/cmp-app-template-services-splash-screen-impl": {
      "resolved": "packages/cmp-app-template-services-splash-screen-impl",
      "link": true
    },
    "node_modules/cmp-app-template-services-splash-screen-impl-test": {
      "resolved": "packages/cmp-app-template-services-splash-screen-impl-test",
      "link": true
    },
    "node_modules/cmp-app-template-services-splash-screen-public": {
      "resolved": "packages/cmp-app-template-services-splash-screen-public",
      "link": true
    },
    "node_modules/cmp-app-template-services-splash-screen-public-test": {
      "resolved": "packages/cmp-app-template-services-splash-screen-public-test",
      "link": true
    },
    "node_modules/cmp-app-template-test-utils": {
      "resolved": "packages/cmp-app-template-test-utils",
      "link": true
    },
    "node_modules/cmp-app-template-test-utils-test": {
      "resolved": "packages/cmp-app-template-test-utils-test",
      "link": true
    },
    "node_modules/cmp-app-template-ui-compose": {
      "resolved": "packages/cmp-app-template-ui-compose",
      "link": true
    },
    "node_modules/cmp-app-template-ui-compose-test": {
      "resolved": "packages/cmp-app-template-ui-compose-test",
      "link": true
    },
    "node_modules/cmp-app-template-ui-icons": {
      "resolved": "packages/cmp-app-template-ui-icons",
      "link": true
    },
    "node_modules/cmp-app-template-ui-icons-test": {
      "resolved": "packages/cmp-app-template-ui-icons-test",
      "link": true
    },
    "node_modules/cmp-app-template-ui-material": {
      "resolved": "packages/cmp-app-template-ui-material",
      "link": true
    },
    "node_modules/cmp-app-template-ui-material-test": {
      "resolved": "packages/cmp-app-template-ui-material-test",
      "link": true
    },
    "node_modules/Kotlin-DateTime-library-kotlinx-datetime-wasm-js": {
      "resolved": "packages_imported/Kotlin-DateTime-library-kotlinx-datetime-wasm-js/0.7.1",
      "link": true
    },
    "node_modules/skiko-js-wasm-runtime": {
      "resolved": "packages_imported/skiko-js-wasm-runtime/0.9.37-3",
      "link": true
    },
    "node_modules/skiko-wasm-js": {
      "resolved": "packages_imported/skiko-wasm-js/0.9.37-3",
      "link": true
    },
    "node_modules/template-wasm": {
      "resolved": "packages/template-wasm",
      "link": true
    },
    "node_modules/template-wasm-test": {
      "resolved": "packages/template-wasm-test",
      "link": true
    },
    "packages_imported/Kotlin-DateTime-library-kotlinx-datetime-wasm-js/0.7.1": {
      "name": "Kotlin-DateTime-library-kotlinx-datetime-wasm-js",
      "version": "0.7.1",
      "dependencies": {
        "@js-joda/core": "3.2.0"
      },
      "devDependencies": {}
    },
    "packages_imported/skiko-js-wasm-runtime/0.9.37-3": {
      "name": "skiko-js-wasm-runtime",
      "version": "0.9.37-3",
      "devDependencies": {}
    },
    "packages_imported/skiko-wasm-js/0.9.37-3": {
      "name": "skiko-wasm-js",
      "version": "0.9.37-3",
      "devDependencies": {}
    },
    "packages/cmp-app-template-apps-shared": {
      "version": "0.0.0-unspecified",
      "dependencies": {
        "@js-joda/core": "3.2.0"
      },
      "devDependencies": {}
    },
    "packages/cmp-app-template-apps-shared-test": {
      "version": "0.0.0-unspecified",
      "dependencies": {
        "@js-joda/core": "3.2.0"
      },
      "devDependencies": {}
    },
    "packages/cmp-app-template-common": {
      "version": "0.0.0-unspecified",
      "devDependencies": {}
    },
    "packages/cmp-app-template-common-test": {
      "version": "0.0.0-unspecified",
      "devDependencies": {}
    },
    "packages/cmp-app-template-di": {
      "version": "0.0.0-unspecified",
      "devDependencies": {}
    },
    "packages/cmp-app-template-di-test": {
      "version": "0.0.0-unspecified",
      "devDependencies": {}
    },
    "packages/cmp-app-template-domain-validators": {
      "version": "0.0.0-unspecified",
      "devDependencies": {}
    },
    "packages/cmp-app-template-domain-validators-test": {
      "version": "0.0.0-unspecified",
      "devDependencies": {}
    },
    "packages/cmp-app-template-nav": {
      "version": "0.0.0-unspecified",
      "dependencies": {
        "@js-joda/core": "3.2.0"
      },
      "devDependencies": {}
    },
    "packages/cmp-app-template-nav-test": {
      "version": "0.0.0-unspecified",
      "dependencies": {
        "@js-joda/core": "3.2.0"
      },
      "devDependencies": {}
    },
    "packages/cmp-app-template-screens-dev-settings": {
      "version": "0.0.0-unspecified",
      "dependencies": {
        "@js-joda/core": "3.2.0"
      },
      "devDependencies": {}
    },
    "packages/cmp-app-template-screens-dev-settings-test": {
      "version": "0.0.0-unspecified",
      "dependencies": {
        "@js-joda/core": "3.2.0"
      },
      "devDependencies": {}
    },
    "packages/cmp-app-template-screens-root": {
      "version": "0.0.0-unspecified",
      "dependencies": {
        "@js-joda/core": "3.2.0"
      },
      "devDependencies": {}
    },
    "packages/cmp-app-template-screens-root-test": {
      "version": "0.0.0-unspecified",
      "dependencies": {
        "@js-joda/core": "3.2.0"
      },
      "devDependencies": {}
    },
    "packages/cmp-app-template-screens-welcome": {
      "version": "0.0.0-unspecified",
      "dependencies": {
        "@js-joda/core": "3.2.0"
      },
      "devDependencies": {}
    },
    "packages/cmp-app-template-screens-welcome-test": {
      "version": "0.0.0-unspecified",
      "dependencies": {
        "@js-joda/core": "3.2.0"
      },
      "devDependencies": {}
    },
    "packages/cmp-app-template-services-device-sensors-impl": {
      "version": "0.0.0-unspecified",
      "devDependencies": {}
    },
    "packages/cmp-app-template-services-device-sensors-impl-test": {
      "version": "0.0.0-unspecified",
      "devDependencies": {}
    },
    "packages/cmp-app-template-services-device-sensors-public": {
      "version": "0.0.0-unspecified",
      "devDependencies": {}
    },
    "packages/cmp-app-template-services-device-sensors-public-test": {
      "version": "0.0.0-unspecified",
      "devDependencies": {}
    },
    "packages/cmp-app-template-services-splash-screen-impl": {
      "version": "0.0.0-unspecified",
      "devDependencies": {}
    },
    "packages/cmp-app-template-services-splash-screen-impl-test": {
      "version": "0.0.0-unspecified",
      "devDependencies": {}
    },
    "packages/cmp-app-template-services-splash-screen-public": {
      "version": "0.0.0-unspecified",
      "devDependencies": {}
    },
    "packages/cmp-app-template-services-splash-screen-public-test": {
      "version": "0.0.0-unspecified",
      "devDependencies": {}
    },
    "packages/cmp-app-template-test-utils": {
      "version": "0.0.0-unspecified",
      "devDependencies": {}
    },
    "packages/cmp-app-template-test-utils-test": {
      "version": "0.0.0-unspecified",
      "devDependencies": {}
    },
    "packages/cmp-app-template-ui-compose": {
      "version": "0.0.0-unspecified",
      "devDependencies": {}
    },
    "packages/cmp-app-template-ui-compose-test": {
      "version": "0.0.0-unspecified",
      "devDependencies": {}
    },
    "packages/cmp-app-template-ui-icons": {
      "version": "0.0.0-unspecified",
      "devDependencies": {}
    },
    "packages/cmp-app-template-ui-icons-test": {
      "version": "0.0.0-unspecified",
      "devDependencies": {}
    },
    "packages/cmp-app-template-ui-material": {
      "version": "0.0.0-unspecified",
      "dependencies": {
        "@js-joda/core": "3.2.0"
      },
      "devDependencies": {}
    },
    "packages/cmp-app-template-ui-material-test": {
      "version": "0.0.0-unspecified",
      "dependencies": {
        "@js-joda/core": "3.2.0"
      },
      "devDependencies": {}
    },
    "packages/template-wasm": {
      "version": "0.0.0-unspecified",
      "dependencies": {
        "@js-joda/core": "3.2.0"
      },
      "devDependencies": {}
    },
    "packages/template-wasm-test": {
      "version": "0.0.0-unspecified",
      "dependencies": {
        "@js-joda/core": "3.2.0"
      },
      "devDependencies": {}
    }
  }
}
